// !$*UTF8*$!
{
	archiveVersion = 1;
	classes = {
	};
	objectVersion = 46;
	objects = {

/* Begin PBXBuildFile section */
		C05F7EA41E56685B0048F574 /* AppDelegate.swift in Sources */ = {isa = PBXBuildFile; fileRef = C05F7EA31E56685B0048F574 /* AppDelegate.swift */; };
		C05F7EA61E56685B0048F574 /* ViewController.swift in Sources */ = {isa = PBXBuildFile; fileRef = C05F7EA51E56685B0048F574 /* ViewController.swift */; };
		C05F7EA91E56685B0048F574 /* Main.storyboard in Resources */ = {isa = PBXBuildFile; fileRef = C05F7EA71E56685B0048F574 /* Main.storyboard */; };
		C05F7EAB1E56685B0048F574 /* Assets.xcassets in Resources */ = {isa = PBXBuildFile; fileRef = C05F7EAA1E56685B0048F574 /* Assets.xcassets */; };
		C05F7EAE1E56685B0048F574 /* LaunchScreen.storyboard in Resources */ = {isa = PBXBuildFile; fileRef = C05F7EAC1E56685B0048F574 /* LaunchScreen.storyboard */; };
/* End PBXBuildFile section */

/* Begin PBXFileReference section */
		C05F7EA01E56685B0048F574 /* Downloading web content.app */ = {isa = PBXFileReference; explicitFileType = wrapper.application; includeInIndex = 0; path = "Downloading web content.app"; sourceTree = BUILT_PRODUCTS_DIR; };
		C05F7EA31E56685B0048F574 /* AppDelegate.swift */ = {isa = PBXFileReference; lastKnownFileType = sourcecode.swift; path = AppDelegate.swift; sourceTree = "<group>"; };
		C05F7EA51E56685B0048F574 /* ViewController.swift */ = {isa = PBXFileReference; lastKnownFileType = sourcecode.swift; path = ViewController.swift; sourceTree = "<group>"; };
		C05F7EA81E56685B0048F574 /* Base */ = {isa = PBXFileReference; lastKnownFileType = file.storyboard; name = Base; path = Base.lproj/Main.storyboard; sourceTree = "<group>"; };
		C05F7EAA1E56685B0048F574 /* Assets.xcassets */ = {isa = PBXFileReference; lastKnownFileType = folder.assetcatalog; path = Assets.xcassets; sourceTree = "<group>"; };
		C05F7EAD1E56685B0048F574 /* Base */ = {isa = PBXFileReference; lastKnownFileType = file.storyboard; name = Base; path = Base.lproj/LaunchScreen.storyboard; sourceTree = "<group>"; };
		C05F7EAF1E56685B0048F574 /* Info.plist */ = {isa = PBXFileReference; lastKnownFileType = text.plist.xml; path = Info.plist; sourceTree = "<group>"; };
/* End PBXFileReference section */

/* Begin PBXFrameworksBuildPhase section */
		C05F7E9D1E56685B0048F574 /* Frameworks */ = {
			isa = PBXFrameworksBuildPhase;
			buildActionMask = 2147483647;
			files = (
			);
			runOnlyForDeploymentPostprocessing = 0;
		};
/* End PBXFrameworksBuildPhase section */

/* Begin PBXGroup section */
		C05F7E971E56685B0048F574 = {
			isa = PBXGroup;
			children = (
				C05F7EA21E56685B0048F574 /* Downloading web content */,
				C05F7EA11E56685B0048F574 /* Products */,
			);
			sourceTree = "<group>";
		};
		C05F7EA11E56685B0048F574 /* Products */ = {
			isa = PBXGroup;
			children = (
				C05F7EA01E56685B0048F574 /* Downloading web content.app */,
			);
			name = Products;
			sourceTree = "<group>";
		};
		C05F7EA21E56685B0048F574 /* Downloading web content */ = {
			isa = PBXGroup;
			children = (
				C05F7EA31E56685B0048F574 /* AppDelegate.swift */,
				C05F7EA51E56685B0048F574 /* ViewController.swift */,
				C05F7EA71E56685B0048F574 /* Main.storyboard */,
				C05F7EAA1E56685B0048F574 /* Assets.xcassets */,
				C05F7EAC1E56685B0048F574 /* LaunchScreen.storyboard */,
				C05F7EAF1E56685B0048F574 /* Info.plist */,
			);
			path = "Downloading web content";
			sourceTree = "<group>";
		};
/* End PBXGroup section */

/* Begin PBXNativeTarget section */
		C05F7E9F1E56685B0048F574 /* Downloading web content */ = {
			isa = PBXNativeTarget;
			buildConfigurationList = C05F7EB21E56685B0048F574 /* Build configuration list for PBXNativeTarget "Downloading web content" */;
			buildPhases = (
				C05F7E9C1E56685B0048F574 /* Sources */,
				C05F7E9D1E56685B0048F574 /* Frameworks */,
				C05F7E9E1E56685B0048F574 /* Resources */,
			);
			buildRules = (
			);
			dependencies = (
			);
			name = "Downloading web content";
			productName = "Downloading web content";
			productReference = C05F7EA01E56685B0048F574 /* Downloading web content.app */;
			productType = "com.apple.product-type.application";
		};
/* End PBXNativeTarget section */

/* Begin PBXProject section */
		C05F7E981E56685B0048F574 /* Project object */ = {
			isa = PBXProject;
			attributes = {
				LastSwiftUpdateCheck = 0820;
				LastUpgradeCheck = 0820;
				ORGANIZATIONNAME = "Sight Syndicate";
				TargetAttributes = {
					C05F7E9F1E56685B0048F574 = {
						CreatedOnToolsVersion = 8.2.1;
						ProvisioningStyle = Automatic;
					};
				};
			};
			buildConfigurationList = C05F7E9B1E56685B0048F574 /* Build configuration list for PBXProject "Downloading web content" */;
			compatibilityVersion = "Xcode 3.2";
			developmentRegion = English;
			hasScannedForEncodings = 0;
			knownRegions = (
				en,
				Base,
			);
			mainGroup = C05F7E971E56685B0048F574;
			productRefGroup = C05F7EA11E56685B0048F574 /* Products */;
			projectDirPath = "";
			projectRoot = "";
			targets = (
				C05F7E9F1E56685B0048F574 /* Downloading web content */,
			);
		};
/* End PBXProject section */

/* Begin PBXResourcesBuildPhase section */
		C05F7E9E1E56685B0048F574 /* Resources */ = {
			isa = PBXResourcesBuildPhase;
			buildActionMask = 2147483647;
			files = (
				C05F7EAE1E56685B0048F574 /* LaunchScreen.storyboard in Resources */,
				C05F7EAB1E56685B0048F574 /* Assets.xcassets in Resources */,
				C05F7EA91E56685B0048F574 /* Main.storyboard in Resources */,
			);
			runOnlyForDeploymentPostprocessing = 0;
		};
/* End PBXResourcesBuildPhase section */

/* Begin PBXSourcesBuildPhase section */
		C05F7E9C1E56685B0048F574 /* Sources */ = {
			isa = PBXSourcesBuildPhase;
			buildActionMask = 2147483647;
			files = (
				C05F7EA61E56685B0048F574 /* ViewController.swift in Sources */,
				C05F7EA41E56685B0048F574 /* AppDelegate.swift in Sources */,
			);
			runOnlyForDeploymentPostprocessing = 0;
		};
/* End PBXSourcesBuildPhase section */

/* Begin PBXVariantGroup section */
		C05F7EA71E56685B0048F574 /* Main.storyboard */ = {
			isa = PBXVariantGroup;
			children = (
				C05F7EA81E56685B0048F574 /* Base */,
			);
			name = Main.storyboard;
			sourceTree = "<group>";
		};
		C05F7EAC1E56685B0048F574 /* LaunchScreen.storyboard */ = {
			isa = PBXVariantGroup;
			children = (
				C05F7EAD1E56685B0048F574 /* Base */,
			);
			name = LaunchScreen.storyboard;
			sourceTree = "<group>";
		};
/* End PBXVariantGroup section */

/* Begin XCBuildConfiguration section */
		C05F7EB01E56685B0048F574 /* Debug */ = {
			isa = XCBuildConfiguration;
			buildSettings = {
				ALWAYS_SEARCH_USER_PATHS = NO;
				CLANG_ANALYZER_NONNULL = YES;
				CLANG_CXX_LANGUAGE_STANDARD = "gnu++0x";
				CLANG_CXX_LIBRARY = "libc++";
				CLANG_ENABLE_MODULES = YES;
				CLANG_ENABLE_OBJC_ARC = YES;
				CLANG_WARN_BOOL_CONVERSION = YES;
				CLANG_WARN_CONSTANT_CONVERSION = YES;
				CLANG_WARN_DIRECT_OBJC_ISA_USAGE = YES_ERROR;
				CLANG_WARN_DOCUMENTATION_COMMENTS = YES;
				CLANG_WARN_EMPTY_BODY = YES;
				CLANG_WARN_ENUM_CONVERSION = YES;
				CLANG_WARN_INFINITE_RECURSION = YES;
				CLANG_WARN_INT_CONVERSION = YES;
				CLANG_WARN_OBJC_ROOT_CLASS = YES_ERROR;
				CLANG_WARN_SUSPICIOUS_MOVE = YES;
				CLANG_WARN_UNREACHABLE_CODE = YES;
				CLANG_WARN__DUPLICATE_METHOD_MATCH = YES;
				"CODE_SIGN_IDENTITY[sdk=iphoneos*]" = "iPhone Developer";
				COPY_PHASE_STRIP = NO;
				DEBUG_INFORMATION_FORMAT = dwarf;
				ENABLE_STRICT_OBJC_MSGSEND = YES;
				ENABLE_TESTABILITY = YES;
				GCC_C_LANGUAGE_STANDARD = gnu99;
				GCC_DYNAMIC_NO_PIC = NO;
				GCC_NO_COMMON_BLOCKS = YES;
				GCC_OPTIMIZATION_LEVEL = 0;
				GCC_PREPROCESSOR_DEFINITIONS = (
					"DEBUG=1",
					"$(inherited)",
				);
				GCC_WARN_64_TO_32_BIT_CONVERSION = YES;
				GCC_WARN_ABOUT_RETURN_TYPE = YES_ERROR;
				GCC_WARN_UNDECLARED_SELECTOR = YES;
				GCC_WARN_UNINITIALIZED_AUTOS = YES_AGGRESSIVE;
				GCC_WARN_UNUSED_FUNCTION = YES;
				GCC_WARN_UNUSED_VARIABLE = YES;
				IPHONEOS_DEPLOYMENT_TARGET = 10.2;
				MTL_ENABLE_DEBUG_INFO = YES;
				ONLY_ACTIVE_ARCH = YES;
				SDKROOT = iphoneos;
				SWIFT_ACTIVE_COMPILATION_CONDITIONS = DEBUG;
				SWIFT_OPTIMIZATION_LEVEL = "-Onone";
				TARGETED_DEVICE_FAMILY = "1,2";
			};
			name = Debug;
		};
		C05F7EB11E56685B0048F574 /* Release */ = {
			isa = XCBuildConfiguration;
			buildSettings = {
				ALWAYS_SEARCH_USER_PATHS = NO;
				CLANG_ANALYZER_NONNULL = YES;
				CLANG_CXX_LANGUAGE_STANDARD = "gnu++0x";
				CLANG_CXX_LIBRARY = "libc++";
				CLANG_ENABLE_MODULES = YES;
				CLANG_ENABLE_OBJC_ARC = YES;
				CLANG_WARN_BOOL_CONVERSION = YES;
				CLANG_WARN_CONSTANT_CONVERSION = YES;
				CLANG_WARN_DIRECT_OBJC_ISA_USAGE = YES_ERROR;
				CLANG_WARN_DOCUMENTATION_COMMENTS = YES;
				CLANG_WARN_EMPTY_BODY = YES;
				CLANG_WARN_ENUM_CONVERSION = YES;
				CLANG_WARN_INFINITE_RECURSION = YES;
				CLANG_WARN_INT_CONVERSION = YES;
				CLANG_WARN_OBJC_ROOT_CLASS = YES_ERROR;
				CLANG_WARN_SUSPICIOUS_MOVE = YES;
				CLANG_WARN_UNREACHABLE_CODE = YES;
				CLANG_WARN__DUPLICATE_METHOD_MATCH = YES;
				"CODE_SIGN_IDENTITY[sdk=iphoneos*]" = "iPhone Developer";
				COPY_PHASE_STRIP = NO;
				DEBUG_INFORMATION_FORMAT = "dwarf-with-dsym";
				ENABLE_NS_ASSERTIONS = NO;
				ENABLE_STRICT_OBJC_MSGSEND = YES;
				GCC_C_LANGUAGE_STANDARD = gnu99;
				GCC_NO_COMMON_BLOCKS = YES;
				GCC_WARN_64_TO_32_BIT_CONVERSION = YES;
				GCC_WARN_ABOUT_RETURN_TYPE = YES_ERROR;
				GCC_WARN_UNDECLARED_SELECTOR = YES;
				GCC_WARN_UNINITIALIZED_AUTOS = YES_AGGRESSIVE;
				GCC_WARN_UNUSED_FUNCTION = YES;
				GCC_WARN_UNUSED_VARIABLE = YES;
				IPHONEOS_DEPLOYMENT_TARGET = 10.2;
				MTL_ENABLE_DEBUG_INFO = NO;
				SDKROOT = iphoneos;
				SWIFT_OPTIMIZATION_LEVEL = "-Owholemodule";
				TARGETED_DEVICE_FAMILY = "1,2";
				VALIDATE_PRODUCT = YES;
			};
			name = Release;
		};
		C05F7EB31E56685B0048F574 /* Debug */ = {
			isa = XCBuildConfiguration;
			buildSettings = {
				ASSETCATALOG_COMPILER_APPICON_NAME = AppIcon;
				INFOPLIST_FILE = "Downloading web content/Info.plist";
				LD_RUNPATH_SEARCH_PATHS = "$(inherited) @executable_path/Frameworks";
				PRODUCT_BUNDLE_IDENTIFIER = "com.Sight-Syndicate.Downloading-web-content";
				PRODUCT_NAME = "$(TARGET_NAME)";
				SWIFT_VERSION = 3.0;
			};
			name = Debug;
		};
		C05F7EB41E56685B0048F574 /* Release */ = {
			isa = XCBuildConfiguration;
			buildSettings = {
				ASSETCATALOG_COMPILER_APPICON_NAME = AppIcon;
				INFOPLIST_FILE = "Downloading web content/Info.plist";
				LD_RUNPATH_SEARCH_PATHS = "$(inherited) @executable_path/Frameworks";
				PRODUCT_BUNDLE_IDENTIFIER = "com.Sight-Syndicate.Downloading-web-content";
				PRODUCT_NAME = "$(TARGET_NAME)";
				SWIFT_VERSION = 3.0;
			};
			name = Release;
		};
/* End XCBuildConfiguration section */

/* Begin XCConfigurationList section */
		C05F7E9B1E56685B0048F574 /* Build configuration list for PBXProject "Downloading web content" */ = {
			isa = XCConfigurationList;
			buildConfigurations = (
				C05F7EB01E56685B0048F574 /* Debug */,
				C05F7EB11E56685B0048F574 /* Release */,
			);
			defaultConfigurationIsVisible = 0;
			defaultConfigurationName = Release;
		};
		C05F7EB21E56685B0048F574 /* Build configuration list for PBXNativeTarget "Downloading web content" */ = {
			isa = XCConfigurationList;
			buildConfigurations = (
				C05F7EB31E56685B0048F574 /* Debug */,
				C05F7EB41E56685B0048F574 /* Release */,
			);
			defaultConfigurationIsVisible = 0;
		};
/* End XCConfigurationList section */
	};
	rootObject = C05F7E981E56685B0048F574 /* Project object */;
}
