// !$*UTF8*$!
{
	archiveVersion = 1;
	classes = {
	};
	objectVersion = 46;
	objects = {

/* Begin PBXBuildFile section */
		C0BF58051E567BFB00E1ECBC /* AppDelegate.swift in Sources */ = {isa = PBXBuildFile; fileRef = C0BF58041E567BFB00E1ECBC /* AppDelegate.swift */; };
		C0BF58071E567BFB00E1ECBC /* ViewController.swift in Sources */ = {isa = PBXBuildFile; fileRef = C0BF58061E567BFB00E1ECBC /* ViewController.swift */; };
		C0BF580A1E567BFB00E1ECBC /* Main.storyboard in Resources */ = {isa = PBXBuildFile; fileRef = C0BF58081E567BFB00E1ECBC /* Main.storyboard */; };
		C0BF580C1E567BFB00E1ECBC /* Assets.xcassets in Resources */ = {isa = PBXBuildFile; fileRef = C0BF580B1E567BFB00E1ECBC /* Assets.xcassets */; };
		C0BF580F1E567BFB00E1ECBC /* LaunchScreen.storyboard in Resources */ = {isa = PBXBuildFile; fileRef = C0BF580D1E567BFB00E1ECBC /* LaunchScreen.storyboard */; };
/* End PBXBuildFile section */

/* Begin PBXFileReference section */
		C0BF58011E567BFB00E1ECBC /* dddd.app */ = {isa = PBXFileReference; explicitFileType = wrapper.application; includeInIndex = 0; path = dddd.app; sourceTree = BUILT_PRODUCTS_DIR; };
		C0BF58041E567BFB00E1ECBC /* AppDelegate.swift */ = {isa = PBXFileReference; lastKnownFileType = sourcecode.swift; path = AppDelegate.swift; sourceTree = "<group>"; };
		C0BF58061E567BFB00E1ECBC /* ViewController.swift */ = {isa = PBXFileReference; lastKnownFileType = sourcecode.swift; path = ViewController.swift; sourceTree = "<group>"; };
		C0BF58091E567BFB00E1ECBC /* Base */ = {isa = PBXFileReference; lastKnownFileType = file.storyboard; name = Base; path = Base.lproj/Main.storyboard; sourceTree = "<group>"; };
		C0BF580B1E567BFB00E1ECBC /* Assets.xcassets */ = {isa = PBXFileReference; lastKnownFileType = folder.assetcatalog; path = Assets.xcassets; sourceTree = "<group>"; };
		C0BF580E1E567BFB00E1ECBC /* Base */ = {isa = PBXFileReference; lastKnownFileType = file.storyboard; name = Base; path = Base.lproj/LaunchScreen.storyboard; sourceTree = "<group>"; };
		C0BF58101E567BFB00E1ECBC /* Info.plist */ = {isa = PBXFileReference; lastKnownFileType = text.plist.xml; path = Info.plist; sourceTree = "<group>"; };
/* End PBXFileReference section */

/* Begin PBXFrameworksBuildPhase section */
		C0BF57FE1E567BFA00E1ECBC /* Frameworks */ = {
			isa = PBXFrameworksBuildPhase;
			buildActionMask = 2147483647;
			files = (
			);
			runOnlyForDeploymentPostprocessing = 0;
		};
/* End PBXFrameworksBuildPhase section */

/* Begin PBXGroup section */
		C0BF57F81E567BFA00E1ECBC = {
			isa = PBXGroup;
			children = (
				C0BF58031E567BFB00E1ECBC /* dddd */,
				C0BF58021E567BFB00E1ECBC /* Products */,
			);
			sourceTree = "<group>";
		};
		C0BF58021E567BFB00E1ECBC /* Products */ = {
			isa = PBXGroup;
			children = (
				C0BF58011E567BFB00E1ECBC /* dddd.app */,
			);
			name = Products;
			sourceTree = "<group>";
		};
		C0BF58031E567BFB00E1ECBC /* dddd */ = {
			isa = PBXGroup;
			children = (
				C0BF58041E567BFB00E1ECBC /* AppDelegate.swift */,
				C0BF58061E567BFB00E1ECBC /* ViewController.swift */,
				C0BF58081E567BFB00E1ECBC /* Main.storyboard */,
				C0BF580B1E567BFB00E1ECBC /* Assets.xcassets */,
				C0BF580D1E567BFB00E1ECBC /* LaunchScreen.storyboard */,
				C0BF58101E567BFB00E1ECBC /* Info.plist */,
			);
			path = dddd;
			sourceTree = "<group>";
		};
/* End PBXGroup section */

/* Begin PBXNativeTarget section */
		C0BF58001E567BFA00E1ECBC /* dddd */ = {
			isa = PBXNativeTarget;
			buildConfigurationList = C0BF58131E567BFB00E1ECBC /* Build configuration list for PBXNativeTarget "dddd" */;
			buildPhases = (
				C0BF57FD1E567BFA00E1ECBC /* Sources */,
				C0BF57FE1E567BFA00E1ECBC /* Frameworks */,
				C0BF57FF1E567BFA00E1ECBC /* Resources */,
			);
			buildRules = (
			);
			dependencies = (
			);
			name = dddd;
			productName = dddd;
			productReference = C0BF58011E567BFB00E1ECBC /* dddd.app */;
			productType = "com.apple.product-type.application";
		};
/* End PBXNativeTarget section */

/* Begin PBXProject section */
		C0BF57F91E567BFA00E1ECBC /* Project object */ = {
			isa = PBXProject;
			attributes = {
				LastSwiftUpdateCheck = 0820;
				LastUpgradeCheck = 0820;
				ORGANIZATIONNAME = "Sight Syndicate";
				TargetAttributes = {
					C0BF58001E567BFA00E1ECBC = {
						CreatedOnToolsVersion = 8.2.1;
						ProvisioningStyle = Automatic;
					};
				};
			};
			buildConfigurationList = C0BF57FC1E567BFA00E1ECBC /* Build configuration list for PBXProject "dddd" */;
			compatibilityVersion = "Xcode 3.2";
			developmentRegion = English;
			hasScannedForEncodings = 0;
			knownRegions = (
				en,
				Base,
			);
			mainGroup = C0BF57F81E567BFA00E1ECBC;
			productRefGroup = C0BF58021E567BFB00E1ECBC /* Products */;
			projectDirPath = "";
			projectRoot = "";
			targets = (
				C0BF58001E567BFA00E1ECBC /* dddd */,
			);
		};
/* End PBXProject section */

/* Begin PBXResourcesBuildPhase section */
		C0BF57FF1E567BFA00E1ECBC /* Resources */ = {
			isa = PBXResourcesBuildPhase;
			buildActionMask = 2147483647;
			files = (
				C0BF580F1E567BFB00E1ECBC /* LaunchScreen.storyboard in Resources */,
				C0BF580C1E567BFB00E1ECBC /* Assets.xcassets in Resources */,
				C0BF580A1E567BFB00E1ECBC /* Main.storyboard in Resources */,
			);
			runOnlyForDeploymentPostprocessing = 0;
		};
/* End PBXResourcesBuildPhase section */

/* Begin PBXSourcesBuildPhase section */
		C0BF57FD1E567BFA00E1ECBC /* Sources */ = {
			isa = PBXSourcesBuildPhase;
			buildActionMask = 2147483647;
			files = (
				C0BF58071E567BFB00E1ECBC /* ViewController.swift in Sources */,
				C0BF58051E567BFB00E1ECBC /* AppDelegate.swift in Sources */,
			);
			runOnlyForDeploymentPostprocessing = 0;
		};
/* End PBXSourcesBuildPhase section */

/* Begin PBXVariantGroup section */
		C0BF58081E567BFB00E1ECBC /* Main.storyboard */ = {
			isa = PBXVariantGroup;
			children = (
				C0BF58091E567BFB00E1ECBC /* Base */,
			);
			name = Main.storyboard;
			sourceTree = "<group>";
		};
		C0BF580D1E567BFB00E1ECBC /* LaunchScreen.storyboard */ = {
			isa = PBXVariantGroup;
			children = (
				C0BF580E1E567BFB00E1ECBC /* Base */,
			);
			name = LaunchScreen.storyboard;
			sourceTree = "<group>";
		};
/* End PBXVariantGroup section */

/* Begin XCBuildConfiguration section */
		C0BF58111E567BFB00E1ECBC /* Debug */ = {
			isa = XCBuildConfiguration;
			buildSettings = {
				ALWAYS_SEARCH_USER_PATHS = NO;
				CLANG_ANALYZER_NONNULL = YES;
				CLANG_CXX_LANGUAGE_STANDARD = "gnu++0x";
				CLANG_CXX_LIBRARY = "libc++";
				CLANG_ENABLE_MODULES = YES;
				CLANG_ENABLE_OBJC_ARC = YES;
				CLANG_WARN_BOOL_CONVERSION = YES;
				CLANG_WARN_CONSTANT_CONVERSION = YES;
				CLANG_WARN_DIRECT_OBJC_ISA_USAGE = YES_ERROR;
				CLANG_WARN_DOCUMENTATION_COMMENTS = YES;
				CLANG_WARN_EMPTY_BODY = YES;
				CLANG_WARN_ENUM_CONVERSION = YES;
				CLANG_WARN_INFINITE_RECURSION = YES;
				CLANG_WARN_INT_CONVERSION = YES;
				CLANG_WARN_OBJC_ROOT_CLASS = YES_ERROR;
				CLANG_WARN_SUSPICIOUS_MOVE = YES;
				CLANG_WARN_UNREACHABLE_CODE = YES;
				CLANG_WARN__DUPLICATE_METHOD_MATCH = YES;
				"CODE_SIGN_IDENTITY[sdk=iphoneos*]" = "iPhone Developer";
				COPY_PHASE_STRIP = NO;
				DEBUG_INFORMATION_FORMAT = dwarf;
				ENABLE_STRICT_OBJC_MSGSEND = YES;
				ENABLE_TESTABILITY = YES;
				GCC_C_LANGUAGE_STANDARD = gnu99;
				GCC_DYNAMIC_NO_PIC = NO;
				GCC_NO_COMMON_BLOCKS = YES;
				GCC_OPTIMIZATION_LEVEL = 0;
				GCC_PREPROCESSOR_DEFINITIONS = (
					"DEBUG=1",
					"$(inherited)",
				);
				GCC_WARN_64_TO_32_BIT_CONVERSION = YES;
				GCC_WARN_ABOUT_RETURN_TYPE = YES_ERROR;
				GCC_WARN_UNDECLARED_SELECTOR = YES;
				GCC_WARN_UNINITIALIZED_AUTOS = YES_AGGRESSIVE;
				GCC_WARN_UNUSED_FUNCTION = YES;
				GCC_WARN_UNUSED_VARIABLE = YES;
				IPHONEOS_DEPLOYMENT_TARGET = 10.2;
				MTL_ENABLE_DEBUG_INFO = YES;
				ONLY_ACTIVE_ARCH = YES;
				SDKROOT = iphoneos;
				SWIFT_ACTIVE_COMPILATION_CONDITIONS = DEBUG;
				SWIFT_OPTIMIZATION_LEVEL = "-Onone";
				TARGETED_DEVICE_FAMILY = "1,2";
			};
			name = Debug;
		};
		C0BF58121E567BFB00E1ECBC /* Release */ = {
			isa = XCBuildConfiguration;
			buildSettings = {
				ALWAYS_SEARCH_USER_PATHS = NO;
				CLANG_ANALYZER_NONNULL = YES;
				CLANG_CXX_LANGUAGE_STANDARD = "gnu++0x";
				CLANG_CXX_LIBRARY = "libc++";
				CLANG_ENABLE_MODULES = YES;
				CLANG_ENABLE_OBJC_ARC = YES;
				CLANG_WARN_BOOL_CONVERSION = YES;
				CLANG_WARN_CONSTANT_CONVERSION = YES;
				CLANG_WARN_DIRECT_OBJC_ISA_USAGE = YES_ERROR;
				CLANG_WARN_DOCUMENTATION_COMMENTS = YES;
				CLANG_WARN_EMPTY_BODY = YES;
				CLANG_WARN_ENUM_CONVERSION = YES;
				CLANG_WARN_INFINITE_RECURSION = YES;
				CLANG_WARN_INT_CONVERSION = YES;
				CLANG_WARN_OBJC_ROOT_CLASS = YES_ERROR;
				CLANG_WARN_SUSPICIOUS_MOVE = YES;
				CLANG_WARN_UNREACHABLE_CODE = YES;
				CLANG_WARN__DUPLICATE_METHOD_MATCH = YES;
				"CODE_SIGN_IDENTITY[sdk=iphoneos*]" = "iPhone Developer";
				COPY_PHASE_STRIP = NO;
				DEBUG_INFORMATION_FORMAT = "dwarf-with-dsym";
				ENABLE_NS_ASSERTIONS = NO;
				ENABLE_STRICT_OBJC_MSGSEND = YES;
				GCC_C_LANGUAGE_STANDARD = gnu99;
				GCC_NO_COMMON_BLOCKS = YES;
				GCC_WARN_64_TO_32_BIT_CONVERSION = YES;
				GCC_WARN_ABOUT_RETURN_TYPE = YES_ERROR;
				GCC_WARN_UNDECLARED_SELECTOR = YES;
				GCC_WARN_UNINITIALIZED_AUTOS = YES_AGGRESSIVE;
				GCC_WARN_UNUSED_FUNCTION = YES;
				GCC_WARN_UNUSED_VARIABLE = YES;
				IPHONEOS_DEPLOYMENT_TARGET = 10.2;
				MTL_ENABLE_DEBUG_INFO = NO;
				SDKROOT = iphoneos;
				SWIFT_OPTIMIZATION_LEVEL = "-Owholemodule";
				TARGETED_DEVICE_FAMILY = "1,2";
				VALIDATE_PRODUCT = YES;
			};
			name = Release;
		};
		C0BF58141E567BFB00E1ECBC /* Debug */ = {
			isa = XCBuildConfiguration;
			buildSettings = {
				ASSETCATALOG_COMPILER_APPICON_NAME = AppIcon;
				INFOPLIST_FILE = dddd/Info.plist;
				LD_RUNPATH_SEARCH_PATHS = "$(inherited) @executable_path/Frameworks";
				PRODUCT_BUNDLE_IDENTIFIER = "com.Sight-Syndicate.dddd";
				PRODUCT_NAME = "$(TARGET_NAME)";
				SWIFT_VERSION = 3.0;
			};
			name = Debug;
		};
		C0BF58151E567BFB00E1ECBC /* Release */ = {
			isa = XCBuildConfiguration;
			buildSettings = {
				ASSETCATALOG_COMPILER_APPICON_NAME = AppIcon;
				INFOPLIST_FILE = dddd/Info.plist;
				LD_RUNPATH_SEARCH_PATHS = "$(inherited) @executable_path/Frameworks";
				PRODUCT_BUNDLE_IDENTIFIER = "com.Sight-Syndicate.dddd";
				PRODUCT_NAME = "$(TARGET_NAME)";
				SWIFT_VERSION = 3.0;
			};
			name = Release;
		};
/* End XCBuildConfiguration section */

/* Begin XCConfigurationList section */
		C0BF57FC1E567BFA00E1ECBC /* Build configuration list for PBXProject "dddd" */ = {
			isa = XCConfigurationList;
			buildConfigurations = (
				C0BF58111E567BFB00E1ECBC /* Debug */,
				C0BF58121E567BFB00E1ECBC /* Release */,
			);
			defaultConfigurationIsVisible = 0;
			defaultConfigurationName = Release;
		};
		C0BF58131E567BFB00E1ECBC /* Build configuration list for PBXNativeTarget "dddd" */ = {
			isa = XCConfigurationList;
			buildConfigurations = (
				C0BF58141E567BFB00E1ECBC /* Debug */,
				C0BF58151E567BFB00E1ECBC /* Release */,
			);
			defaultConfigurationIsVisible = 0;
		};
/* End XCConfigurationList section */
	};
	rootObject = C0BF57F91E567BFA00E1ECBC /* Project object */;
}
